
Microsoft Visual Studio Solution File, Format Version 12.00
# Visual Studio Version 17
VisualStudioVersion = 17.5.33502.453
MinimumVisualStudioVersion = 10.0.40219.1
Project("{FAE04EC0-301F-11D3-BF4B-00C04F79EFBC}") = "AccessModifier", "AccessModifier.csproj", "{28B69EE7-3108-4368-A702-670F6D35FD9E}"
EndProject
Global
	GlobalSection(SolutionConfigurationPlatforms) = preSolution
		Debug|Any CPU = Debug|Any CPU
		Release|Any CPU = Release|Any CPU
	EndGlobalSection
	GlobalSection(ProjectConfigurationPlatforms) = postSolution
		{28B69EE7-3108-4368-A702-670F6D35FD9E}.Debug|Any CPU.ActiveCfg = Debug|Any CPU
		{28B69EE7-3108-4368-A702-670F6D35FD9E}.Debug|Any CPU.Build.0 = Debug|Any CPU
		{28B69EE7-3108-4368-A702-670F6D35FD9E}.Release|Any CPU.ActiveCfg = Release|Any CPU
		{28B69EE7-3108-4368-A702-670F6D35FD9E}.Release|Any CPU.Build.0 = Release|Any CPU
	EndGlobalSection
	GlobalSection(SolutionProperties) = preSolution
		HideSolutionNode = FALSE
	EndGlobalSection
	GlobalSection(ExtensibilityGlobals) = postSolution
		SolutionGuid = {3E790074-7C0A-4B67-812F-B8E8932F704C}
	EndGlobalSection
EndGlobal
